// !$*UTF8*$!
{
	archiveVersion = 1;
	classes = {
	};
	objectVersion = 46;
	objects = {

/* Begin PBXBuildFile section */
		6421C5AC1659F0CC008E1920 /* UIKit.framework in Frameworks */ = {isa = PBXBuildFile; fileRef = 6421C5AB1659F0CC008E1920 /* UIKit.framework */; };
		6421C5AE1659F0CC008E1920 /* Foundation.framework in Frameworks */ = {isa = PBXBuildFile; fileRef = 6421C5AD1659F0CC008E1920 /* Foundation.framework */; };
		6421C5B01659F0CC008E1920 /* CoreGraphics.framework in Frameworks */ = {isa = PBXBuildFile; fileRef = 6421C5AF1659F0CC008E1920 /* CoreGraphics.framework */; };
		6421C5B61659F0CD008E1920 /* InfoPlist.strings in Resources */ = {isa = PBXBuildFile; fileRef = 6421C5B41659F0CD008E1920 /* InfoPlist.strings */; };
		6421C5B81659F0CD008E1920 /* main.m in Sources */ = {isa = PBXBuildFile; fileRef = 6421C5B71659F0CD008E1920 /* main.m */; };
		6421C5BC1659F0CD008E1920 /* AppDelegate.m in Sources */ = {isa = PBXBuildFile; fileRef = 6421C5BB1659F0CD008E1920 /* AppDelegate.m */; };
		6421C5BE1659F0CD008E1920 /* Default.png in Resources */ = {isa = PBXBuildFile; fileRef = 6421C5BD1659F0CD008E1920 /* Default.png */; };
		6421C5C01659F0CD008E1920 /* Default@2x.png in Resources */ = {isa = PBXBuildFile; fileRef = 6421C5BF1659F0CD008E1920 /* Default@2x.png */; };
		6421C5C21659F0CD008E1920 /* Default-568h@2x.png in Resources */ = {isa = PBXBuildFile; fileRef = 6421C5C11659F0CD008E1920 /* Default-568h@2x.png */; };
		6421C5C51659F0CD008E1920 /* ViewController.m in Sources */ = {isa = PBXBuildFile; fileRef = 6421C5C41659F0CD008E1920 /* ViewController.m */; };
		6421C5C81659F0CD008E1920 /* ViewController.xib in Resources */ = {isa = PBXBuildFile; fileRef = 6421C5C61659F0CD008E1920 /* ViewController.xib */; };
/* End PBXBuildFile section */

/* Begin PBXFileReference section */
		6421C5A71659F0CC008E1920 /* scroll+List.app */ = {isa = PBXFileReference; explicitFileType = wrapper.application; includeInIndex = 0; path = "scroll+List.app"; sourceTree = BUILT_PRODUCTS_DIR; };
		6421C5AB1659F0CC008E1920 /* UIKit.framework */ = {isa = PBXFileReference; lastKnownFileType = wrapper.framework; name = UIKit.framework; path = System/Library/Frameworks/UIKit.framework; sourceTree = SDKROOT; };
		6421C5AD1659F0CC008E1920 /* Foundation.framework */ = {isa = PBXFileReference; lastKnownFileType = wrapper.framework; name = Foundation.framework; path = System/Library/Frameworks/Foundation.framework; sourceTree = SDKROOT; };
		6421C5AF1659F0CC008E1920 /* CoreGraphics.framework */ = {isa = PBXFileReference; lastKnownFileType = wrapper.framework; name = CoreGraphics.framework; path = System/Library/Frameworks/CoreGraphics.framework; sourceTree = SDKROOT; };
		6421C5B31659F0CD008E1920 /* scroll+List-Info.plist */ = {isa = PBXFileReference; lastKnownFileType = text.plist.xml; path = "scroll+List-Info.plist"; sourceTree = "<group>"; };
		6421C5B51659F0CD008E1920 /* en */ = {isa = PBXFileReference; lastKnownFileType = text.plist.strings; name = en; path = en.lproj/InfoPlist.strings; sourceTree = "<group>"; };
		6421C5B71659F0CD008E1920 /* main.m */ = {isa = PBXFileReference; lastKnownFileType = sourcecode.c.objc; path = main.m; sourceTree = "<group>"; };
		6421C5B91659F0CD008E1920 /* scroll+List-Prefix.pch */ = {isa = PBXFileReference; lastKnownFileType = sourcecode.c.h; path = "scroll+List-Prefix.pch"; sourceTree = "<group>"; };
		6421C5BA1659F0CD008E1920 /* AppDelegate.h */ = {isa = PBXFileReference; lastKnownFileType = sourcecode.c.h; path = AppDelegate.h; sourceTree = "<group>"; };
		6421C5BB1659F0CD008E1920 /* AppDelegate.m */ = {isa = PBXFileReference; lastKnownFileType = sourcecode.c.objc; path = AppDelegate.m; sourceTree = "<group>"; };
		6421C5BD1659F0CD008E1920 /* Default.png */ = {isa = PBXFileReference; lastKnownFileType = image.png; path = Default.png; sourceTree = "<group>"; };
		6421C5BF1659F0CD008E1920 /* Default@2x.png */ = {isa = PBXFileReference; lastKnownFileType = image.png; path = "Default@2x.png"; sourceTree = "<group>"; };
		6421C5C11659F0CD008E1920 /* Default-568h@2x.png */ = {isa = PBXFileReference; lastKnownFileType = image.png; path = "Default-568h@2x.png"; sourceTree = "<group>"; };
		6421C5C31659F0CD008E1920 /* ViewController.h */ = {isa = PBXFileReference; lastKnownFileType = sourcecode.c.h; path = ViewController.h; sourceTree = "<group>"; };
		6421C5C41659F0CD008E1920 /* ViewController.m */ = {isa = PBXFileReference; lastKnownFileType = sourcecode.c.objc; path = ViewController.m; sourceTree = "<group>"; };
		6421C5C71659F0CD008E1920 /* en */ = {isa = PBXFileReference; lastKnownFileType = file.xib; name = en; path = en.lproj/ViewController.xib; sourceTree = "<group>"; };
/* End PBXFileReference section */

/* Begin PBXFrameworksBuildPhase section */
		6421C5A41659F0CC008E1920 /* Frameworks */ = {
			isa = PBXFrameworksBuildPhase;
			buildActionMask = 2147483647;
			files = (
				6421C5AC1659F0CC008E1920 /* UIKit.framework in Frameworks */,
				6421C5AE1659F0CC008E1920 /* Foundation.framework in Frameworks */,
				6421C5B01659F0CC008E1920 /* CoreGraphics.framework in Frameworks */,
			);
			runOnlyForDeploymentPostprocessing = 0;
		};
/* End PBXFrameworksBuildPhase section */

/* Begin PBXGroup section */
		6421C59C1659F0CC008E1920 = {
			isa = PBXGroup;
			children = (
				6421C5B11659F0CD008E1920 /* scroll+List */,
				6421C5AA1659F0CC008E1920 /* Frameworks */,
				6421C5A81659F0CC008E1920 /* Products */,
			);
			sourceTree = "<group>";
		};
		6421C5A81659F0CC008E1920 /* Products */ = {
			isa = PBXGroup;
			children = (
				6421C5A71659F0CC008E1920 /* scroll+List.app */,
			);
			name = Products;
			sourceTree = "<group>";
		};
		6421C5AA1659F0CC008E1920 /* Frameworks */ = {
			isa = PBXGroup;
			children = (
				6421C5AB1659F0CC008E1920 /* UIKit.framework */,
				6421C5AD1659F0CC008E1920 /* Foundation.framework */,
				6421C5AF1659F0CC008E1920 /* CoreGraphics.framework */,
			);
			name = Frameworks;
			sourceTree = "<group>";
		};
		6421C5B11659F0CD008E1920 /* scroll+List */ = {
			isa = PBXGroup;
			children = (
				6421C5BA1659F0CD008E1920 /* AppDelegate.h */,
				6421C5BB1659F0CD008E1920 /* AppDelegate.m */,
				6421C5C31659F0CD008E1920 /* ViewController.h */,
				6421C5C41659F0CD008E1920 /* ViewController.m */,
				6421C5C61659F0CD008E1920 /* ViewController.xib */,
				6421C5B21659F0CD008E1920 /* Supporting Files */,
			);
			path = "scroll+List";
			sourceTree = "<group>";
		};
		6421C5B21659F0CD008E1920 /* Supporting Files */ = {
			isa = PBXGroup;
			children = (
				6421C5B31659F0CD008E1920 /* scroll+List-Info.plist */,
				6421C5B41659F0CD008E1920 /* InfoPlist.strings */,
				6421C5B71659F0CD008E1920 /* main.m */,
				6421C5B91659F0CD008E1920 /* scroll+List-Prefix.pch */,
				6421C5BD1659F0CD008E1920 /* Default.png */,
				6421C5BF1659F0CD008E1920 /* Default@2x.png */,
				6421C5C11659F0CD008E1920 /* Default-568h@2x.png */,
			);
			name = "Supporting Files";
			sourceTree = "<group>";
		};
/* End PBXGroup section */

/* Begin PBXNativeTarget section */
		6421C5A61659F0CC008E1920 /* scroll+List */ = {
			isa = PBXNativeTarget;
			buildConfigurationList = 6421C5CB1659F0CD008E1920 /* Build configuration list for PBXNativeTarget "scroll+List" */;
			buildPhases = (
				6421C5A31659F0CC008E1920 /* Sources */,
				6421C5A41659F0CC008E1920 /* Frameworks */,
				6421C5A51659F0CC008E1920 /* Resources */,
			);
			buildRules = (
			);
			dependencies = (
			);
			name = "scroll+List";
			productName = "scroll+List";
			productReference = 6421C5A71659F0CC008E1920 /* scroll+List.app */;
			productType = "com.apple.product-type.application";
		};
/* End PBXNativeTarget section */

/* Begin PBXProject section */
		6421C59E1659F0CC008E1920 /* Project object */ = {
			isa = PBXProject;
			attributes = {
				LastUpgradeCheck = 0450;
				ORGANIZATIONNAME = NicoFun;
			};
			buildConfigurationList = 6421C5A11659F0CC008E1920 /* Build configuration list for PBXProject "scroll+List" */;
			compatibilityVersion = "Xcode 3.2";
			developmentRegion = English;
			hasScannedForEncodings = 0;
			knownRegions = (
				en,
			);
			mainGroup = 6421C59C1659F0CC008E1920;
			productRefGroup = 6421C5A81659F0CC008E1920 /* Products */;
			projectDirPath = "";
			projectRoot = "";
			targets = (
				6421C5A61659F0CC008E1920 /* scroll+List */,
			);
		};
/* End PBXProject section */

/* Begin PBXResourcesBuildPhase section */
		6421C5A51659F0CC008E1920 /* Resources */ = {
			isa = PBXResourcesBuildPhase;
			buildActionMask = 2147483647;
			files = (
				6421C5B61659F0CD008E1920 /* InfoPlist.strings in Resources */,
				6421C5BE1659F0CD008E1920 /* Default.png in Resources */,
				6421C5C01659F0CD008E1920 /* Default@2x.png in Resources */,
				6421C5C21659F0CD008E1920 /* Default-568h@2x.png in Resources */,
				6421C5C81659F0CD008E1920 /* ViewController.xib in Resources */,
			);
			runOnlyForDeploymentPostprocessing = 0;
		};
/* End PBXResourcesBuildPhase section */

/* Begin PBXSourcesBuildPhase section */
		6421C5A31659F0CC008E1920 /* Sources */ = {
			isa = PBXSourcesBuildPhase;
			buildActionMask = 2147483647;
			files = (
				6421C5B81659F0CD008E1920 /* main.m in Sources */,
				6421C5BC1659F0CD008E1920 /* AppDelegate.m in Sources */,
				6421C5C51659F0CD008E1920 /* ViewController.m in Sources */,
			);
			runOnlyForDeploymentPostprocessing = 0;
		};
/* End PBXSourcesBuildPhase section */

/* Begin PBXVariantGroup section */
		6421C5B41659F0CD008E1920 /* InfoPlist.strings */ = {
			isa = PBXVariantGroup;
			children = (
				6421C5B51659F0CD008E1920 /* en */,
			);
			name = InfoPlist.strings;
			sourceTree = "<group>";
		};
		6421C5C61659F0CD008E1920 /* ViewController.xib */ = {
			isa = PBXVariantGroup;
			children = (
				6421C5C71659F0CD008E1920 /* en */,
			);
			name = ViewController.xib;
			sourceTree = "<group>";
		};
/* End PBXVariantGroup section */

/* Begin XCBuildConfiguration section */
		6421C5C91659F0CD008E1920 /* Debug */ = {
			isa = XCBuildConfiguration;
			buildSettings = {
				ALWAYS_SEARCH_USER_PATHS = NO;
				CLANG_CXX_LANGUAGE_STANDARD = "gnu++0x";
				CLANG_CXX_LIBRARY = "libc++";
				CLANG_WARN_EMPTY_BODY = YES;
				CLANG_WARN__DUPLICATE_METHOD_MATCH = YES;
				"CODE_SIGN_IDENTITY[sdk=iphoneos*]" = "iPhone Developer";
				COPY_PHASE_STRIP = NO;
				GCC_C_LANGUAGE_STANDARD = gnu99;
				GCC_DYNAMIC_NO_PIC = NO;
				GCC_OPTIMIZATION_LEVEL = 0;
				GCC_PREPROCESSOR_DEFINITIONS = (
					"DEBUG=1",
					"$(inherited)",
				);
				GCC_SYMBOLS_PRIVATE_EXTERN = NO;
				GCC_WARN_ABOUT_RETURN_TYPE = YES;
				GCC_WARN_UNINITIALIZED_AUTOS = YES;
				GCC_WARN_UNUSED_VARIABLE = YES;
				IPHONEOS_DEPLOYMENT_TARGET = 6.0;
				SDKROOT = iphoneos;
			};
			name = Debug;
		};
		6421C5CA1659F0CD008E1920 /* Release */ = {
			isa = XCBuildConfiguration;
			buildSettings = {
				ALWAYS_SEARCH_USER_PATHS = NO;
				CLANG_CXX_LANGUAGE_STANDARD = "gnu++0x";
				CLANG_CXX_LIBRARY = "libc++";
				CLANG_WARN_EMPTY_BODY = YES;
				CLANG_WARN__DUPLICATE_METHOD_MATCH = YES;
				"CODE_SIGN_IDENTITY[sdk=iphoneos*]" = "iPhone Developer";
				COPY_PHASE_STRIP = YES;
				GCC_C_LANGUAGE_STANDARD = gnu99;
				GCC_WARN_ABOUT_RETURN_TYPE = YES;
				GCC_WARN_UNINITIALIZED_AUTOS = YES;
				GCC_WARN_UNUSED_VARIABLE = YES;
				IPHONEOS_DEPLOYMENT_TARGET = 6.0;
				OTHER_CFLAGS = "-DNS_BLOCK_ASSERTIONS=1";
				SDKROOT = iphoneos;
				VALIDATE_PRODUCT = YES;
			};
			name = Release;
		};
		6421C5CC1659F0CD008E1920 /* Debug */ = {
			isa = XCBuildConfiguration;
			buildSettings = {
				GCC_PRECOMPILE_PREFIX_HEADER = YES;
				GCC_PREFIX_HEADER = "scroll+List/scroll+List-Prefix.pch";
				INFOPLIST_FILE = "scroll+List/scroll+List-Info.plist";
				PRODUCT_NAME = "$(TARGET_NAME)";
				WRAPPER_EXTENSION = app;
			};
			name = Debug;
		};
		6421C5CD1659F0CD008E1920 /* Release */ = {
			isa = XCBuildConfiguration;
			buildSettings = {
				GCC_PRECOMPILE_PREFIX_HEADER = YES;
				GCC_PREFIX_HEADER = "scroll+List/scroll+List-Prefix.pch";
				INFOPLIST_FILE = "scroll+List/scroll+List-Info.plist";
				PRODUCT_NAME = "$(TARGET_NAME)";
				WRAPPER_EXTENSION = app;
			};
			name = Release;
		};
/* End XCBuildConfiguration section */

/* Begin XCConfigurationList section */
		6421C5A11659F0CC008E1920 /* Build configuration list for PBXProject "scroll+List" */ = {
			isa = XCConfigurationList;
			buildConfigurations = (
				6421C5C91659F0CD008E1920 /* Debug */,
				6421C5CA1659F0CD008E1920 /* Release */,
			);
			defaultConfigurationIsVisible = 0;
			defaultConfigurationName = Release;
		};
		6421C5CB1659F0CD008E1920 /* Build configuration list for PBXNativeTarget "scroll+List" */ = {
			isa = XCConfigurationList;
			buildConfigurations = (
				6421C5CC1659F0CD008E1920 /* Debug */,
				6421C5CD1659F0CD008E1920 /* Release */,
			);
			defaultConfigurationIsVisible = 0;
		};
/* End XCConfigurationList section */
	};
	rootObject = 6421C59E1659F0CC008E1920 /* Project object */;
}
